
Microsoft Visual Studio Solution File, Format Version 12.00
# Visual Studio Version 16
VisualStudioVersion = 16.0.31624.102
MinimumVisualStudioVersion = 10.0.40219.1
Project("{FAE04EC0-301F-11D3-BF4B-00C04F79EFBC}") = "Tehtävä17", "Tehtävä17\Tehtävä17.csproj", "{DF6430BD-0259-43B8-9D2B-94D0F9411E40}"
EndProject
Global
	GlobalSection(SolutionConfigurationPlatforms) = preSolution
		Debug|Any CPU = Debug|Any CPU
		Release|Any CPU = Release|Any CPU
	EndGlobalSection
	GlobalSection(ProjectConfigurationPlatforms) = postSolution
		{DF6430BD-0259-43B8-9D2B-94D0F9411E40}.Debug|Any CPU.ActiveCfg = Debug|Any CPU
		{DF6430BD-0259-43B8-9D2B-94D0F9411E40}.Debug|Any CPU.Build.0 = Debug|Any CPU
		{DF6430BD-0259-43B8-9D2B-94D0F9411E40}.Release|Any CPU.ActiveCfg = Release|Any CPU
		{DF6430BD-0259-43B8-9D2B-94D0F9411E40}.Release|Any CPU.Build.0 = Release|Any CPU
	EndGlobalSection
	GlobalSection(SolutionProperties) = preSolution
		HideSolutionNode = FALSE
	EndGlobalSection
	GlobalSection(ExtensibilityGlobals) = postSolution
		SolutionGuid = {C0EB7D81-0356-43E5-B1A2-2F2E7BC1FAED}
	EndGlobalSection
EndGlobal
